// !$*UTF8*$!
{
	archiveVersion = 1;
	classes = {
	};
	objectVersion = 77;
	objects = {

/* Begin PBXBuildFile section */
		0CB313381221B65D2FFD8BA4 /* R50ContentView.swift in Sources */ = {isa = PBXBuildFile; fileRef = ADFAAC8942C83291B677DAB8 /* R50ContentView.swift */; };
		11715466F6817FCC81AFD690 /* SynthParametersTree.swift in Sources */ = {isa = PBXBuildFile; fileRef = 7E1C382D5C95F92CE70271E1 /* SynthParametersTree.swift */; };
		14360062978DE98839567A6C /* R50ParameterModel.swift in Sources */ = {isa = PBXBuildFile; fileRef = B552FFA0A3EC1055376BC7DF /* R50ParameterModel.swift */; };
		19BED8CE50B96437C6B03166 /* SynthTheme.swift in Sources */ = {isa = PBXBuildFile; fileRef = AA3098E2CA53815C28DFBDFF /* SynthTheme.swift */; };
		1A9693C6A3A8BEA2A3E22D8E /* AudioUnitViewController.swift in Sources */ = {isa = PBXBuildFile; fileRef = F4430C160A054E3F2F0FFAFE /* AudioUnitViewController.swift */; };
		200DEB46454D37EA4B79548E /* MusicalTypingStateMachine.swift in Sources */ = {isa = PBXBuildFile; fileRef = 7B32D6BB2F88D3FA24D09D2A /* MusicalTypingStateMachine.swift */; };
		218ABB44EC907908984516A1 /* FactoryPresets.json in Resources */ = {isa = PBXBuildFile; fileRef = 61D2883D0081EEAEB74A495F /* FactoryPresets.json */; };
		256B448D2247C0A6C12E78F5 /* R50DSPKernelAdapter.mm in Sources */ = {isa = PBXBuildFile; fileRef = 3A473F4E690AFC3F5C13B5AD /* R50DSPKernelAdapter.mm */; };
		2A1BCEA56988EF92C3E12C6F /* R50Theme.swift in Sources */ = {isa = PBXBuildFile; fileRef = CC907F34AF0F106EAB6BD154 /* R50Theme.swift */; };
		2C8E269FB1288172C592C3BF /* KnobShapes.swift in Sources */ = {isa = PBXBuildFile; fileRef = 33F329CBCC076644995FD3A6 /* KnobShapes.swift */; };
		40E305DBE7FE4C5436CFD61E /* R50FactoryPresets.swift in Sources */ = {isa = PBXBuildFile; fileRef = 858F1E9DA80548BB0FC91928 /* R50FactoryPresets.swift */; };
		45CCA61426EF5F476F70D725 /* PresetStore.swift in Sources */ = {isa = PBXBuildFile; fileRef = 97914D3D466CC0071C9535CD /* PresetStore.swift */; };
		47F141DCE65FEF40141E5DC2 /* PerformanceKeyboardView.swift in Sources */ = {isa = PBXBuildFile; fileRef = 8D27DAF314B0D8B1899F4BC3 /* PerformanceKeyboardView.swift */; };
		6875C8DE26DA8E611737B311 /* AudioUnitHost.swift in Sources */ = {isa = PBXBuildFile; fileRef = 3032319806890090FD341B50 /* AudioUnitHost.swift */; };
		6A03304627D01F357CFD14DA /* R50Extension.appex in Embed Foundation Extensions */ = {isa = PBXBuildFile; fileRef = 43741427DD1185348DACAEA1 /* R50Extension.appex */; settings = {ATTRIBUTES = (CodeSignOnCopy, RemoveHeadersOnCopy, ); }; };
		6E67E81BCA7DE5C0E773DB5D /* R50SampleStore.swift in Sources */ = {isa = PBXBuildFile; fileRef = 112FD104BE725349BC5B06E2 /* R50SampleStore.swift */; };
		72436329A7C6BD802D294AF2 /* InstrumentProduct.swift in Sources */ = {isa = PBXBuildFile; fileRef = 5C2CF0929FB2CD6E611FF697 /* InstrumentProduct.swift */; };
		73C1B6C0A75B2B9E49B9C48A /* Hybrid8Extension.appex in Embed Foundation Extensions */ = {isa = PBXBuildFile; fileRef = 120104614B6CF8293F99DD17 /* Hybrid8Extension.appex */; settings = {ATTRIBUTES = (CodeSignOnCopy, RemoveHeadersOnCopy, ); }; };
		73D7E97129915CC85F59436F /* SynthDSPKernelAdapter.mm in Sources */ = {isa = PBXBuildFile; fileRef = B969D4EA2487259367B0EEB7 /* SynthDSPKernelAdapter.mm */; };
		796508C588E66CD7551F1EB3 /* R50AudioUnitHost.swift in Sources */ = {isa = PBXBuildFile; fileRef = 3F531AA1A539C2EE9735AC44 /* R50AudioUnitHost.swift */; };
		7C68CADA381838083ED7ABF7 /* MusicalTypingController.swift in Sources */ = {isa = PBXBuildFile; fileRef = 4E121C11D557B938C66F5F0E /* MusicalTypingController.swift */; };
		861CBC33DC1CAA24B92E02EE /* AudioUnitViewController.swift in Sources */ = {isa = PBXBuildFile; fileRef = 39D64F8046DBE8A8415EEAA2 /* AudioUnitViewController.swift */; };
		8A2C59BFA44419C36AB01ACA /* R50Product.swift in Sources */ = {isa = PBXBuildFile; fileRef = 500DB9C8FB202ADBA6321677 /* R50Product.swift */; };
		8A427ACBDE97F9D01CCF711D /* SynthTimeMapping.swift in Sources */ = {isa = PBXBuildFile; fileRef = 90C36064148CBB1BA047620D /* SynthTimeMapping.swift */; };
		8BE3859979D75E07D400B3F0 /* PresetDocument.swift in Sources */ = {isa = PBXBuildFile; fileRef = A4EE673DC8E4D1CB2783E28A /* PresetDocument.swift */; };
		8D1A427EA93F51AEC3F10B0D /* MIDIEvent.swift in Sources */ = {isa = PBXBuildFile; fileRef = 81DE5D8AC0351437DC2CE76B /* MIDIEvent.swift */; };
		8EC40184DF9C738BEADBB0AF /* ParameterModel.swift in Sources */ = {isa = PBXBuildFile; fileRef = E278E8B3AFB116734B0AF070 /* ParameterModel.swift */; };
		90AC053EBACBAD6E84A8A301 /* MusicalTypingStateMachine.swift in Sources */ = {isa = PBXBuildFile; fileRef = 7B32D6BB2F88D3FA24D09D2A /* MusicalTypingStateMachine.swift */; };
		986F35527D787FE98E1483EC /* Hybrid8App.swift in Sources */ = {isa = PBXBuildFile; fileRef = 5D2A41C1C9551453765E809A /* Hybrid8App.swift */; };
		98D1B05C89A39DE00B9E3CA8 /* MusicalTypingStateMachine.swift in Sources */ = {isa = PBXBuildFile; fileRef = 7B32D6BB2F88D3FA24D09D2A /* MusicalTypingStateMachine.swift */; };
		A1F8C8D70F94068A4FF2DB6B /* FactoryPresets.swift in Sources */ = {isa = PBXBuildFile; fileRef = 30348A168347EA9A2A7B5095 /* FactoryPresets.swift */; };
		AC0DC491EDD4B9DE49058803 /* WavetableStore.swift in Sources */ = {isa = PBXBuildFile; fileRef = D054E8BF99F8796D67F830E6 /* WavetableStore.swift */; };
		AED8D9F3004DE0EE76E6AE32 /* MusicalTypingStateMachine.swift in Sources */ = {isa = PBXBuildFile; fileRef = 7B32D6BB2F88D3FA24D09D2A /* MusicalTypingStateMachine.swift */; };
		B49FF5B0CD00C178BCB8FDE8 /* ContentView.swift in Sources */ = {isa = PBXBuildFile; fileRef = 25CBC5D8B70379456237CDEA /* ContentView.swift */; };
		BC13C86249CADE8E951EBEBB /* InstrumentProduct.swift in Sources */ = {isa = PBXBuildFile; fileRef = 5C2CF0929FB2CD6E611FF697 /* InstrumentProduct.swift */; };
		C042951BAA0025B7C2160D94 /* SynthAudioUnit.swift in Sources */ = {isa = PBXBuildFile; fileRef = B03850F9ED8AC10D7B9481FA /* SynthAudioUnit.swift */; };
		C3C2917FCEACF97697615F27 /* R50View.swift in Sources */ = {isa = PBXBuildFile; fileRef = DD9BD8CBC130F448D3ADF1F9 /* R50View.swift */; };
		C72F5D3039604622BED6A6D5 /* SynthView.swift in Sources */ = {isa = PBXBuildFile; fileRef = F516362934563D869871E8AC /* SynthView.swift */; };
		E390439AC633AF0DC2673CAC /* MusicalTypingController.swift in Sources */ = {isa = PBXBuildFile; fileRef = 4E121C11D557B938C66F5F0E /* MusicalTypingController.swift */; };
		E5FB2B9FE0FA79A414081107 /* PerformanceKeyboardView.swift in Sources */ = {isa = PBXBuildFile; fileRef = 8D27DAF314B0D8B1899F4BC3 /* PerformanceKeyboardView.swift */; };
		E8D6963CF636921BF9F37976 /* R50ParametersTree.swift in Sources */ = {isa = PBXBuildFile; fileRef = 772DF3A82502AEDD6C9C552E /* R50ParametersTree.swift */; };
		F21BD26940E7DBE5835BE371 /* R50App.swift in Sources */ = {isa = PBXBuildFile; fileRef = CF158EE98361F6B7CC2CD80E /* R50App.swift */; };
		F599A54F4E50C5C3ED461656 /* MIDIEvent.swift in Sources */ = {isa = PBXBuildFile; fileRef = 81DE5D8AC0351437DC2CE76B /* MIDIEvent.swift */; };
		FE5405DBC5635039F2C5E4C1 /* R50AudioUnit.swift in Sources */ = {isa = PBXBuildFile; fileRef = FD73B8C5A84B7A56E972224E /* R50AudioUnit.swift */; };
		FF873F2C72C80E6BC50A8410 /* SynthHelp.swift in Sources */ = {isa = PBXBuildFile; fileRef = 28045EECD214931C4F493FF4 /* SynthHelp.swift */; };
/* End PBXBuildFile section */

/* Begin PBXContainerItemProxy section */
		41562B281D56D080CB643673 /* PBXContainerItemProxy */ = {
			isa = PBXContainerItemProxy;
			containerPortal = D2442D1CDE5DF43838D1BC1C /* Project object */;
			proxyType = 1;
			remoteGlobalIDString = 1C148D595E5C124AABD7D502;
			remoteInfo = R50Extension;
		};
		C68EEEE2EA082B75285A3604 /* PBXContainerItemProxy */ = {
			isa = PBXContainerItemProxy;
			containerPortal = D2442D1CDE5DF43838D1BC1C /* Project object */;
			proxyType = 1;
			remoteGlobalIDString = 1A230F97156A0F4A03F10A3D;
			remoteInfo = Hybrid8Extension;
		};
/* End PBXContainerItemProxy section */

/* Begin PBXCopyFilesBuildPhase section */
		21903770936BA4C6BD383D48 /* Embed Foundation Extensions */ = {
			isa = PBXCopyFilesBuildPhase;
			buildActionMask = 2147483647;
			dstPath = "";
			dstSubfolderSpec = 13;
			files = (
				6A03304627D01F357CFD14DA /* R50Extension.appex in Embed Foundation Extensions */,
			);
			name = "Embed Foundation Extensions";
			runOnlyForDeploymentPostprocessing = 0;
		};
		EA959AD97A4039825B96317B /* Embed Foundation Extensions */ = {
			isa = PBXCopyFilesBuildPhase;
			buildActionMask = 2147483647;
			dstPath = "";
			dstSubfolderSpec = 13;
			files = (
				73C1B6C0A75B2B9E49B9C48A /* Hybrid8Extension.appex in Embed Foundation Extensions */,
			);
			name = "Embed Foundation Extensions";
			runOnlyForDeploymentPostprocessing = 0;
		};
/* End PBXCopyFilesBuildPhase section */

/* Begin PBXFileReference section */
		0819922753384559AB9FC581 /* R50.app */ = {isa = PBXFileReference; explicitFileType = wrapper.application; includeInIndex = 0; path = R50.app; sourceTree = BUILT_PRODUCTS_DIR; };
		0849F4EBC3B7AC32F39479EF /* WavetablePianoData.hpp */ = {isa = PBXFileReference; lastKnownFileType = sourcecode.cpp.h; path = WavetablePianoData.hpp; sourceTree = "<group>"; };
		084F96412A2DD5355819DB83 /* Hybrid8Wavetable.hpp */ = {isa = PBXFileReference; lastKnownFileType = sourcecode.cpp.h; path = Hybrid8Wavetable.hpp; sourceTree = "<group>"; };
		0E382714EED6BD5CE5890E88 /* R50-Bridging-Header.h */ = {isa = PBXFileReference; lastKnownFileType = sourcecode.c.h; path = "R50-Bridging-Header.h"; sourceTree = "<group>"; };
		112FD104BE725349BC5B06E2 /* R50SampleStore.swift */ = {isa = PBXFileReference; lastKnownFileType = sourcecode.swift; path = R50SampleStore.swift; sourceTree = "<group>"; };
		120104614B6CF8293F99DD17 /* Hybrid8Extension.appex */ = {isa = PBXFileReference; explicitFileType = "wrapper.app-extension"; includeInIndex = 0; path = Hybrid8Extension.appex; sourceTree = BUILT_PRODUCTS_DIR; };
		19FA9B3BB4AE406828814F9A /* R50Sample.hpp */ = {isa = PBXFileReference; lastKnownFileType = sourcecode.cpp.h; path = R50Sample.hpp; sourceTree = "<group>"; };
		23D32892482F96EDA9B11D12 /* SynthParameters.h */ = {isa = PBXFileReference; lastKnownFileType = sourcecode.c.h; path = SynthParameters.h; sourceTree = "<group>"; };
		25CBC5D8B70379456237CDEA /* ContentView.swift */ = {isa = PBXFileReference; lastKnownFileType = sourcecode.swift; path = ContentView.swift; sourceTree = "<group>"; };
		28045EECD214931C4F493FF4 /* SynthHelp.swift */ = {isa = PBXFileReference; lastKnownFileType = sourcecode.swift; path = SynthHelp.swift; sourceTree = "<group>"; };
		3032319806890090FD341B50 /* AudioUnitHost.swift */ = {isa = PBXFileReference; lastKnownFileType = sourcecode.swift; path = AudioUnitHost.swift; sourceTree = "<group>"; };
		30348A168347EA9A2A7B5095 /* FactoryPresets.swift */ = {isa = PBXFileReference; lastKnownFileType = sourcecode.swift; path = FactoryPresets.swift; sourceTree = "<group>"; };
		33F329CBCC076644995FD3A6 /* KnobShapes.swift */ = {isa = PBXFileReference; lastKnownFileType = sourcecode.swift; path = KnobShapes.swift; sourceTree = "<group>"; };
		39D64F8046DBE8A8415EEAA2 /* AudioUnitViewController.swift */ = {isa = PBXFileReference; lastKnownFileType = sourcecode.swift; path = AudioUnitViewController.swift; sourceTree = "<group>"; };
		3A38E226BAF69E22B3FADF6D /* Hybrid8.app */ = {isa = PBXFileReference; explicitFileType = wrapper.application; includeInIndex = 0; path = Hybrid8.app; sourceTree = BUILT_PRODUCTS_DIR; };
		3A473F4E690AFC3F5C13B5AD /* R50DSPKernelAdapter.mm */ = {isa = PBXFileReference; lastKnownFileType = sourcecode.cpp.objcpp; path = R50DSPKernelAdapter.mm; sourceTree = "<group>"; };
		3F531AA1A539C2EE9735AC44 /* R50AudioUnitHost.swift */ = {isa = PBXFileReference; lastKnownFileType = sourcecode.swift; path = R50AudioUnitHost.swift; sourceTree = "<group>"; };
		41B17FA7BB496A3934FE4A27 /* Hybrid8Voice.hpp */ = {isa = PBXFileReference; lastKnownFileType = sourcecode.cpp.h; path = Hybrid8Voice.hpp; sourceTree = "<group>"; };
		43741427DD1185348DACAEA1 /* R50Extension.appex */ = {isa = PBXFileReference; explicitFileType = "wrapper.app-extension"; includeInIndex = 0; path = R50Extension.appex; sourceTree = BUILT_PRODUCTS_DIR; };
		4531DF6E83F3C47C88B2DB27 /* R50WaveOscillator.hpp */ = {isa = PBXFileReference; lastKnownFileType = sourcecode.cpp.h; path = R50WaveOscillator.hpp; sourceTree = "<group>"; };
		4E121C11D557B938C66F5F0E /* MusicalTypingController.swift */ = {isa = PBXFileReference; lastKnownFileType = sourcecode.swift; path = MusicalTypingController.swift; sourceTree = "<group>"; };
		4E1AA536D5BCEFC6B916629C /* R50Noise.hpp */ = {isa = PBXFileReference; lastKnownFileType = sourcecode.cpp.h; path = R50Noise.hpp; sourceTree = "<group>"; };
		500DB9C8FB202ADBA6321677 /* R50Product.swift */ = {isa = PBXFileReference; lastKnownFileType = sourcecode.swift; path = R50Product.swift; sourceTree = "<group>"; };
		5C2CF0929FB2CD6E611FF697 /* InstrumentProduct.swift */ = {isa = PBXFileReference; lastKnownFileType = sourcecode.swift; path = InstrumentProduct.swift; sourceTree = "<group>"; };
		5D2A41C1C9551453765E809A /* Hybrid8App.swift */ = {isa = PBXFileReference; lastKnownFileType = sourcecode.swift; path = Hybrid8App.swift; sourceTree = "<group>"; };
		61D2883D0081EEAEB74A495F /* FactoryPresets.json */ = {isa = PBXFileReference; lastKnownFileType = text.json; path = FactoryPresets.json; sourceTree = "<group>"; };
		772DF3A82502AEDD6C9C552E /* R50ParametersTree.swift */ = {isa = PBXFileReference; lastKnownFileType = sourcecode.swift; path = R50ParametersTree.swift; sourceTree = "<group>"; };
		7915BC69DA6FDB8EC6117CD2 /* R50Wave.hpp */ = {isa = PBXFileReference; lastKnownFileType = sourcecode.cpp.h; path = R50Wave.hpp; sourceTree = "<group>"; };
		7B32D6BB2F88D3FA24D09D2A /* MusicalTypingStateMachine.swift */ = {isa = PBXFileReference; lastKnownFileType = sourcecode.swift; path = MusicalTypingStateMachine.swift; sourceTree = "<group>"; };
		7E1C382D5C95F92CE70271E1 /* SynthParametersTree.swift */ = {isa = PBXFileReference; lastKnownFileType = sourcecode.swift; path = SynthParametersTree.swift; sourceTree = "<group>"; };
		81DE5D8AC0351437DC2CE76B /* MIDIEvent.swift */ = {isa = PBXFileReference; lastKnownFileType = sourcecode.swift; path = MIDIEvent.swift; sourceTree = "<group>"; };
		858F1E9DA80548BB0FC91928 /* R50FactoryPresets.swift */ = {isa = PBXFileReference; lastKnownFileType = sourcecode.swift; path = R50FactoryPresets.swift; sourceTree = "<group>"; };
		8D27DAF314B0D8B1899F4BC3 /* PerformanceKeyboardView.swift */ = {isa = PBXFileReference; lastKnownFileType = sourcecode.swift; path = PerformanceKeyboardView.swift; sourceTree = "<group>"; };
		8D90BFA8D15AB1DC1692CC68 /* R50Partial.hpp */ = {isa = PBXFileReference; lastKnownFileType = sourcecode.cpp.h; path = R50Partial.hpp; sourceTree = "<group>"; };
		8DAF2A33D71D5EE6461A540D /* R50SampleFactory.hpp */ = {isa = PBXFileReference; lastKnownFileType = sourcecode.cpp.h; path = R50SampleFactory.hpp; sourceTree = "<group>"; };
		8FB5F915331861EE4ED079E0 /* R50Parameters.h */ = {isa = PBXFileReference; lastKnownFileType = sourcecode.c.h; path = R50Parameters.h; sourceTree = "<group>"; };
		90C36064148CBB1BA047620D /* SynthTimeMapping.swift */ = {isa = PBXFileReference; lastKnownFileType = sourcecode.swift; path = SynthTimeMapping.swift; sourceTree = "<group>"; };
		97914D3D466CC0071C9535CD /* PresetStore.swift */ = {isa = PBXFileReference; lastKnownFileType = sourcecode.swift; path = PresetStore.swift; sourceTree = "<group>"; };
		A4EE673DC8E4D1CB2783E28A /* PresetDocument.swift */ = {isa = PBXFileReference; lastKnownFileType = sourcecode.swift; path = PresetDocument.swift; sourceTree = "<group>"; };
		AA3098E2CA53815C28DFBDFF /* SynthTheme.swift */ = {isa = PBXFileReference; lastKnownFileType = sourcecode.swift; path = SynthTheme.swift; sourceTree = "<group>"; };
		AA5A665188698ADB50316116 /* R50SamplePlayer.hpp */ = {isa = PBXFileReference; lastKnownFileType = sourcecode.cpp.h; path = R50SamplePlayer.hpp; sourceTree = "<group>"; };
		ADFAAC8942C83291B677DAB8 /* R50ContentView.swift */ = {isa = PBXFileReference; lastKnownFileType = sourcecode.swift; path = R50ContentView.swift; sourceTree = "<group>"; };
		B03850F9ED8AC10D7B9481FA /* SynthAudioUnit.swift */ = {isa = PBXFileReference; lastKnownFileType = sourcecode.swift; path = SynthAudioUnit.swift; sourceTree = "<group>"; };
		B1F99D67BD35FB874E88A075 /* R50Engine.hpp */ = {isa = PBXFileReference; lastKnownFileType = sourcecode.cpp.h; path = R50Engine.hpp; sourceTree = "<group>"; };
		B30A4DED415F03CEB35A0CA9 /* Hybrid8EffectsRack.hpp */ = {isa = PBXFileReference; lastKnownFileType = sourcecode.cpp.h; path = Hybrid8EffectsRack.hpp; sourceTree = "<group>"; };
		B3471DE295EF8D41B6BC6B76 /* R50DSPKernelAdapter.h */ = {isa = PBXFileReference; lastKnownFileType = sourcecode.c.h; path = R50DSPKernelAdapter.h; sourceTree = "<group>"; };
		B552FFA0A3EC1055376BC7DF /* R50ParameterModel.swift */ = {isa = PBXFileReference; lastKnownFileType = sourcecode.swift; path = R50ParameterModel.swift; sourceTree = "<group>"; };
		B969D4EA2487259367B0EEB7 /* SynthDSPKernelAdapter.mm */ = {isa = PBXFileReference; lastKnownFileType = sourcecode.cpp.objcpp; path = SynthDSPKernelAdapter.mm; sourceTree = "<group>"; };
		C1767F6F1334E44D6F16411B /* R50Voice.hpp */ = {isa = PBXFileReference; lastKnownFileType = sourcecode.cpp.h; path = R50Voice.hpp; sourceTree = "<group>"; };
		C6781E39A9B14C440E2237C3 /* Hybrid8Engine.hpp */ = {isa = PBXFileReference; lastKnownFileType = sourcecode.cpp.h; path = Hybrid8Engine.hpp; sourceTree = "<group>"; };
		CC907F34AF0F106EAB6BD154 /* R50Theme.swift */ = {isa = PBXFileReference; lastKnownFileType = sourcecode.swift; path = R50Theme.swift; sourceTree = "<group>"; };
		CF158EE98361F6B7CC2CD80E /* R50App.swift */ = {isa = PBXFileReference; lastKnownFileType = sourcecode.swift; path = R50App.swift; sourceTree = "<group>"; };
		D054E8BF99F8796D67F830E6 /* WavetableStore.swift */ = {isa = PBXFileReference; lastKnownFileType = sourcecode.swift; path = WavetableStore.swift; sourceTree = "<group>"; };
		D275C8F072F3DE08B0B786D3 /* Hybrid8ParameterMapping.hpp */ = {isa = PBXFileReference; lastKnownFileType = sourcecode.cpp.h; path = Hybrid8ParameterMapping.hpp; sourceTree = "<group>"; };
		D744FCCEE79D0D451949CC60 /* Hybrid8VoiceParameters.hpp */ = {isa = PBXFileReference; lastKnownFileType = sourcecode.cpp.h; path = Hybrid8VoiceParameters.hpp; sourceTree = "<group>"; };
		DD9BD8CBC130F448D3ADF1F9 /* R50View.swift */ = {isa = PBXFileReference; lastKnownFileType = sourcecode.swift; path = R50View.swift; sourceTree = "<group>"; };
		DE0A2823181C214D850EE6FA /* Extension-Bridging-Header.h */ = {isa = PBXFileReference; lastKnownFileType = sourcecode.c.h; path = "Extension-Bridging-Header.h"; sourceTree = "<group>"; };
		E278E8B3AFB116734B0AF070 /* ParameterModel.swift */ = {isa = PBXFileReference; lastKnownFileType = sourcecode.swift; path = ParameterModel.swift; sourceTree = "<group>"; };
		EC7E11D10EAACE898A3DC8D7 /* SynthDSPKernelAdapter.h */ = {isa = PBXFileReference; lastKnownFileType = sourcecode.c.h; path = SynthDSPKernelAdapter.h; sourceTree = "<group>"; };
		EEE51E42B7E45C92A7F722E2 /* ModMatrix.h */ = {isa = PBXFileReference; lastKnownFileType = sourcecode.c.h; path = ModMatrix.h; sourceTree = "<group>"; };
		F4430C160A054E3F2F0FFAFE /* AudioUnitViewController.swift */ = {isa = PBXFileReference; lastKnownFileType = sourcecode.swift; path = AudioUnitViewController.swift; sourceTree = "<group>"; };
		F516362934563D869871E8AC /* SynthView.swift */ = {isa = PBXFileReference; lastKnownFileType = sourcecode.swift; path = SynthView.swift; sourceTree = "<group>"; };
		FD73B8C5A84B7A56E972224E /* R50AudioUnit.swift */ = {isa = PBXFileReference; lastKnownFileType = sourcecode.swift; path = R50AudioUnit.swift; sourceTree = "<group>"; };
/* End PBXFileReference section */

/* Begin PBXGroup section */
		01ABD7C525E3555A83EF72F0 /* DSP */ = {
			isa = PBXGroup;
			children = (
				B30A4DED415F03CEB35A0CA9 /* Hybrid8EffectsRack.hpp */,
				C6781E39A9B14C440E2237C3 /* Hybrid8Engine.hpp */,
				D275C8F072F3DE08B0B786D3 /* Hybrid8ParameterMapping.hpp */,
				41B17FA7BB496A3934FE4A27 /* Hybrid8Voice.hpp */,
				D744FCCEE79D0D451949CC60 /* Hybrid8VoiceParameters.hpp */,
				084F96412A2DD5355819DB83 /* Hybrid8Wavetable.hpp */,
			);
			path = DSP;
			sourceTree = "<group>";
		};
		17150DB555D0328236B0369A /* PerformanceKeyboard */ = {
			isa = PBXGroup;
			children = (
				81DE5D8AC0351437DC2CE76B /* MIDIEvent.swift */,
				4E121C11D557B938C66F5F0E /* MusicalTypingController.swift */,
				7B32D6BB2F88D3FA24D09D2A /* MusicalTypingStateMachine.swift */,
				8D27DAF314B0D8B1899F4BC3 /* PerformanceKeyboardView.swift */,
			);
			path = PerformanceKeyboard;
			sourceTree = "<group>";
		};
		17BAFE757C4A9BD64E2EE124 /* DSP */ = {
			isa = PBXGroup;
			children = (
				0849F4EBC3B7AC32F39479EF /* WavetablePianoData.hpp */,
			);
			path = DSP;
			sourceTree = "<group>";
		};
		39BA288F3F7ACA2F924B2260 /* Products */ = {
			isa = PBXGroup;
			children = (
				3A38E226BAF69E22B3FADF6D /* Hybrid8.app */,
				120104614B6CF8293F99DD17 /* Hybrid8Extension.appex */,
				0819922753384559AB9FC581 /* R50.app */,
				43741427DD1185348DACAEA1 /* R50Extension.appex */,
			);
			name = Products;
			sourceTree = "<group>";
		};
		4088430ACE011DA985DD28A2 /* InstrumentUI */ = {
			isa = PBXGroup;
			children = (
				A4EE673DC8E4D1CB2783E28A /* PresetDocument.swift */,
			);
			path = InstrumentUI;
			sourceTree = "<group>";
		};
		484BFE6BAF96C7A5CAA8F46A /* Products */ = {
			isa = PBXGroup;
			children = (
				A46F236C55475A8226FB7352 /* Hybrid8 */,
				5010928E2439C949E9E7FCD8 /* R50 */,
			);
			path = Products;
			sourceTree = "<group>";
		};
		5010928E2439C949E9E7FCD8 /* R50 */ = {
			isa = PBXGroup;
			children = (
				9A4CB970AD05718C18D4D63E /* App */,
				9DB5BC8D930E5764A991C44B /* DSP */,
				D3476A314BB9BA063E33890F /* Extension */,
			);
			path = R50;
			sourceTree = "<group>";
		};
		5148947A9098F664775B9476 /* Shared */ = {
			isa = PBXGroup;
			children = (
				A12C7C473CF38CFE2F784EA0 /* InstrumentHost */,
				4088430ACE011DA985DD28A2 /* InstrumentUI */,
				17150DB555D0328236B0369A /* PerformanceKeyboard */,
			);
			path = Shared;
			sourceTree = "<group>";
		};
		859D925C737DFE6A643208C9 /* App */ = {
			isa = PBXGroup;
			children = (
				3032319806890090FD341B50 /* AudioUnitHost.swift */,
				25CBC5D8B70379456237CDEA /* ContentView.swift */,
				5D2A41C1C9551453765E809A /* Hybrid8App.swift */,
			);
			path = App;
			sourceTree = "<group>";
		};
		9A4CB970AD05718C18D4D63E /* App */ = {
			isa = PBXGroup;
			children = (
				CF158EE98361F6B7CC2CD80E /* R50App.swift */,
				3F531AA1A539C2EE9735AC44 /* R50AudioUnitHost.swift */,
				ADFAAC8942C83291B677DAB8 /* R50ContentView.swift */,
				500DB9C8FB202ADBA6321677 /* R50Product.swift */,
			);
			path = App;
			sourceTree = "<group>";
		};
		9DB5BC8D930E5764A991C44B /* DSP */ = {
			isa = PBXGroup;
			children = (
				B1F99D67BD35FB874E88A075 /* R50Engine.hpp */,
				4E1AA536D5BCEFC6B916629C /* R50Noise.hpp */,
				8D90BFA8D15AB1DC1692CC68 /* R50Partial.hpp */,
				19FA9B3BB4AE406828814F9A /* R50Sample.hpp */,
				8DAF2A33D71D5EE6461A540D /* R50SampleFactory.hpp */,
				AA5A665188698ADB50316116 /* R50SamplePlayer.hpp */,
				C1767F6F1334E44D6F16411B /* R50Voice.hpp */,
				7915BC69DA6FDB8EC6117CD2 /* R50Wave.hpp */,
				4531DF6E83F3C47C88B2DB27 /* R50WaveOscillator.hpp */,
			);
			path = DSP;
			sourceTree = "<group>";
		};
		A12C7C473CF38CFE2F784EA0 /* InstrumentHost */ = {
			isa = PBXGroup;
			children = (
				5C2CF0929FB2CD6E611FF697 /* InstrumentProduct.swift */,
			);
			path = InstrumentHost;
			sourceTree = "<group>";
		};
		A46F236C55475A8226FB7352 /* Hybrid8 */ = {
			isa = PBXGroup;
			children = (
				01ABD7C525E3555A83EF72F0 /* DSP */,
			);
			path = Hybrid8;
			sourceTree = "<group>";
		};
		B24F404B3E108CFF936A76AE /* UI */ = {
			isa = PBXGroup;
			children = (
				33F329CBCC076644995FD3A6 /* KnobShapes.swift */,
				E278E8B3AFB116734B0AF070 /* ParameterModel.swift */,
				97914D3D466CC0071C9535CD /* PresetStore.swift */,
				28045EECD214931C4F493FF4 /* SynthHelp.swift */,
				AA3098E2CA53815C28DFBDFF /* SynthTheme.swift */,
				90C36064148CBB1BA047620D /* SynthTimeMapping.swift */,
				F516362934563D869871E8AC /* SynthView.swift */,
				D054E8BF99F8796D67F830E6 /* WavetableStore.swift */,
			);
			path = UI;
			sourceTree = "<group>";
		};
		CC49A3DDB4F4EC4869FA1C27 /* Resources */ = {
			isa = PBXGroup;
			children = (
				61D2883D0081EEAEB74A495F /* FactoryPresets.json */,
			);
			path = Resources;
			sourceTree = "<group>";
		};
		CF501550D9873C5798C17A52 /* UI */ = {
			isa = PBXGroup;
			children = (
				B552FFA0A3EC1055376BC7DF /* R50ParameterModel.swift */,
				112FD104BE725349BC5B06E2 /* R50SampleStore.swift */,
				CC907F34AF0F106EAB6BD154 /* R50Theme.swift */,
				DD9BD8CBC130F448D3ADF1F9 /* R50View.swift */,
			);
			path = UI;
			sourceTree = "<group>";
		};
		CFC693F6AF44D839B7178222 /* Extension */ = {
			isa = PBXGroup;
			children = (
				17BAFE757C4A9BD64E2EE124 /* DSP */,
				CC49A3DDB4F4EC4869FA1C27 /* Resources */,
				B24F404B3E108CFF936A76AE /* UI */,
				39D64F8046DBE8A8415EEAA2 /* AudioUnitViewController.swift */,
				DE0A2823181C214D850EE6FA /* Extension-Bridging-Header.h */,
				30348A168347EA9A2A7B5095 /* FactoryPresets.swift */,
				EEE51E42B7E45C92A7F722E2 /* ModMatrix.h */,
				B03850F9ED8AC10D7B9481FA /* SynthAudioUnit.swift */,
				EC7E11D10EAACE898A3DC8D7 /* SynthDSPKernelAdapter.h */,
				B969D4EA2487259367B0EEB7 /* SynthDSPKernelAdapter.mm */,
				23D32892482F96EDA9B11D12 /* SynthParameters.h */,
				7E1C382D5C95F92CE70271E1 /* SynthParametersTree.swift */,
			);
			path = Extension;
			sourceTree = "<group>";
		};
		D3476A314BB9BA063E33890F /* Extension */ = {
			isa = PBXGroup;
			children = (
				CF501550D9873C5798C17A52 /* UI */,
				F4430C160A054E3F2F0FFAFE /* AudioUnitViewController.swift */,
				0E382714EED6BD5CE5890E88 /* R50-Bridging-Header.h */,
				FD73B8C5A84B7A56E972224E /* R50AudioUnit.swift */,
				B3471DE295EF8D41B6BC6B76 /* R50DSPKernelAdapter.h */,
				3A473F4E690AFC3F5C13B5AD /* R50DSPKernelAdapter.mm */,
				858F1E9DA80548BB0FC91928 /* R50FactoryPresets.swift */,
				8FB5F915331861EE4ED079E0 /* R50Parameters.h */,
				772DF3A82502AEDD6C9C552E /* R50ParametersTree.swift */,
			);
			path = Extension;
			sourceTree = "<group>";
		};
		D405E020761DBB0ED0102DEE = {
			isa = PBXGroup;
			children = (
				859D925C737DFE6A643208C9 /* App */,
				CFC693F6AF44D839B7178222 /* Extension */,
				484BFE6BAF96C7A5CAA8F46A /* Products */,
				5148947A9098F664775B9476 /* Shared */,
				39BA288F3F7ACA2F924B2260 /* Products */,
			);
			sourceTree = "<group>";
		};
/* End PBXGroup section */

/* Begin PBXNativeTarget section */
		1A230F97156A0F4A03F10A3D /* Hybrid8Extension */ = {
			isa = PBXNativeTarget;
			buildConfigurationList = 2560BBC6F79EFC0CB89BF362 /* Build configuration list for PBXNativeTarget "Hybrid8Extension" */;
			buildPhases = (
				8742F10F3527592F30D00CFC /* Sources */,
				5B5663450C1D1FB3A7AA6CCB /* Resources */,
			);
			buildRules = (
			);
			dependencies = (
			);
			name = Hybrid8Extension;
			packageProductDependencies = (
			);
			productName = Hybrid8Extension;
			productReference = 120104614B6CF8293F99DD17 /* Hybrid8Extension.appex */;
			productType = "com.apple.product-type.app-extension";
		};
		1C148D595E5C124AABD7D502 /* R50Extension */ = {
			isa = PBXNativeTarget;
			buildConfigurationList = E8351D40B6532AA76024526C /* Build configuration list for PBXNativeTarget "R50Extension" */;
			buildPhases = (
				E19A737BAF5158F8E7A106F0 /* Sources */,
			);
			buildRules = (
			);
			dependencies = (
			);
			name = R50Extension;
			packageProductDependencies = (
			);
			productName = R50Extension;
			productReference = 43741427DD1185348DACAEA1 /* R50Extension.appex */;
			productType = "com.apple.product-type.app-extension";
		};
		953E3C38691277AE6EDD2D1E /* Hybrid8 */ = {
			isa = PBXNativeTarget;
			buildConfigurationList = 3BEF185D198B281811315D9D /* Build configuration list for PBXNativeTarget "Hybrid8" */;
			buildPhases = (
				27D9ED6E1E5CD11839D7C486 /* Sources */,
				EA959AD97A4039825B96317B /* Embed Foundation Extensions */,
			);
			buildRules = (
			);
			dependencies = (
				09A8D85E280B8C5EAE36F59F /* PBXTargetDependency */,
			);
			name = Hybrid8;
			packageProductDependencies = (
			);
			productName = Hybrid8;
			productReference = 3A38E226BAF69E22B3FADF6D /* Hybrid8.app */;
			productType = "com.apple.product-type.application";
		};
		9BE3291E492A83DF7767F2EC /* R50 */ = {
			isa = PBXNativeTarget;
			buildConfigurationList = D4200F396B9E2D0CCEA07994 /* Build configuration list for PBXNativeTarget "R50" */;
			buildPhases = (
				1A74A5DB46DC95A7E84EBBAB /* Sources */,
				21903770936BA4C6BD383D48 /* Embed Foundation Extensions */,
			);
			buildRules = (
			);
			dependencies = (
				3ADC8481B254183F16D96EF5 /* PBXTargetDependency */,
			);
			name = R50;
			packageProductDependencies = (
			);
			productName = R50;
			productReference = 0819922753384559AB9FC581 /* R50.app */;
			productType = "com.apple.product-type.application";
		};
/* End PBXNativeTarget section */

/* Begin PBXProject section */
		D2442D1CDE5DF43838D1BC1C /* Project object */ = {
			isa = PBXProject;
			attributes = {
				BuildIndependentTargetsInParallel = YES;
				LastUpgradeCheck = 1430;
				TargetAttributes = {
					1A230F97156A0F4A03F10A3D = {
						DevelopmentTeam = "";
						ProvisioningStyle = Manual;
					};
					1C148D595E5C124AABD7D502 = {
						DevelopmentTeam = "";
						ProvisioningStyle = Manual;
					};
					953E3C38691277AE6EDD2D1E = {
						DevelopmentTeam = "";
						ProvisioningStyle = Manual;
					};
					9BE3291E492A83DF7767F2EC = {
						DevelopmentTeam = "";
						ProvisioningStyle = Manual;
					};
				};
			};
			buildConfigurationList = 1326BFF1E24E7697F4D6DC75 /* Build configuration list for PBXProject "Hybrid8" */;
			developmentRegion = en;
			hasScannedForEncodings = 0;
			knownRegions = (
				Base,
				en,
			);
			mainGroup = D405E020761DBB0ED0102DEE;
			minimizedProjectReferenceProxies = 1;
			preferredProjectObjectVersion = 77;
			productRefGroup = 39BA288F3F7ACA2F924B2260 /* Products */;
			projectDirPath = "";
			projectRoot = "";
			targets = (
				953E3C38691277AE6EDD2D1E /* Hybrid8 */,
				1A230F97156A0F4A03F10A3D /* Hybrid8Extension */,
				9BE3291E492A83DF7767F2EC /* R50 */,
				1C148D595E5C124AABD7D502 /* R50Extension */,
			);
		};
/* End PBXProject section */

/* Begin PBXResourcesBuildPhase section */
		5B5663450C1D1FB3A7AA6CCB /* Resources */ = {
			isa = PBXResourcesBuildPhase;
			buildActionMask = 2147483647;
			files = (
				218ABB44EC907908984516A1 /* FactoryPresets.json in Resources */,
			);
			runOnlyForDeploymentPostprocessing = 0;
		};
/* End PBXResourcesBuildPhase section */

/* Begin PBXSourcesBuildPhase section */
		1A74A5DB46DC95A7E84EBBAB /* Sources */ = {
			isa = PBXSourcesBuildPhase;
			buildActionMask = 2147483647;
			files = (
				BC13C86249CADE8E951EBEBB /* InstrumentProduct.swift in Sources */,
				8D1A427EA93F51AEC3F10B0D /* MIDIEvent.swift in Sources */,
				7C68CADA381838083ED7ABF7 /* MusicalTypingController.swift in Sources */,
				90AC053EBACBAD6E84A8A301 /* MusicalTypingStateMachine.swift in Sources */,
				E5FB2B9FE0FA79A414081107 /* PerformanceKeyboardView.swift in Sources */,
				F21BD26940E7DBE5835BE371 /* R50App.swift in Sources */,
				796508C588E66CD7551F1EB3 /* R50AudioUnitHost.swift in Sources */,
				0CB313381221B65D2FFD8BA4 /* R50ContentView.swift in Sources */,
				8A2C59BFA44419C36AB01ACA /* R50Product.swift in Sources */,
			);
			runOnlyForDeploymentPostprocessing = 0;
		};
		27D9ED6E1E5CD11839D7C486 /* Sources */ = {
			isa = PBXSourcesBuildPhase;
			buildActionMask = 2147483647;
			files = (
				6875C8DE26DA8E611737B311 /* AudioUnitHost.swift in Sources */,
				B49FF5B0CD00C178BCB8FDE8 /* ContentView.swift in Sources */,
				986F35527D787FE98E1483EC /* Hybrid8App.swift in Sources */,
				72436329A7C6BD802D294AF2 /* InstrumentProduct.swift in Sources */,
				F599A54F4E50C5C3ED461656 /* MIDIEvent.swift in Sources */,
				E390439AC633AF0DC2673CAC /* MusicalTypingController.swift in Sources */,
				200DEB46454D37EA4B79548E /* MusicalTypingStateMachine.swift in Sources */,
				47F141DCE65FEF40141E5DC2 /* PerformanceKeyboardView.swift in Sources */,
			);
			runOnlyForDeploymentPostprocessing = 0;
		};
		8742F10F3527592F30D00CFC /* Sources */ = {
			isa = PBXSourcesBuildPhase;
			buildActionMask = 2147483647;
			files = (
				861CBC33DC1CAA24B92E02EE /* AudioUnitViewController.swift in Sources */,
				A1F8C8D70F94068A4FF2DB6B /* FactoryPresets.swift in Sources */,
				2C8E269FB1288172C592C3BF /* KnobShapes.swift in Sources */,
				AED8D9F3004DE0EE76E6AE32 /* MusicalTypingStateMachine.swift in Sources */,
				8EC40184DF9C738BEADBB0AF /* ParameterModel.swift in Sources */,
				8BE3859979D75E07D400B3F0 /* PresetDocument.swift in Sources */,
				45CCA61426EF5F476F70D725 /* PresetStore.swift in Sources */,
				C042951BAA0025B7C2160D94 /* SynthAudioUnit.swift in Sources */,
				73D7E97129915CC85F59436F /* SynthDSPKernelAdapter.mm in Sources */,
				FF873F2C72C80E6BC50A8410 /* SynthHelp.swift in Sources */,
				11715466F6817FCC81AFD690 /* SynthParametersTree.swift in Sources */,
				19BED8CE50B96437C6B03166 /* SynthTheme.swift in Sources */,
				8A427ACBDE97F9D01CCF711D /* SynthTimeMapping.swift in Sources */,
				C72F5D3039604622BED6A6D5 /* SynthView.swift in Sources */,
				AC0DC491EDD4B9DE49058803 /* WavetableStore.swift in Sources */,
			);
			runOnlyForDeploymentPostprocessing = 0;
		};
		E19A737BAF5158F8E7A106F0 /* Sources */ = {
			isa = PBXSourcesBuildPhase;
			buildActionMask = 2147483647;
			files = (
				1A9693C6A3A8BEA2A3E22D8E /* AudioUnitViewController.swift in Sources */,
				98D1B05C89A39DE00B9E3CA8 /* MusicalTypingStateMachine.swift in Sources */,
				FE5405DBC5635039F2C5E4C1 /* R50AudioUnit.swift in Sources */,
				256B448D2247C0A6C12E78F5 /* R50DSPKernelAdapter.mm in Sources */,
				40E305DBE7FE4C5436CFD61E /* R50FactoryPresets.swift in Sources */,
				14360062978DE98839567A6C /* R50ParameterModel.swift in Sources */,
				E8D6963CF636921BF9F37976 /* R50ParametersTree.swift in Sources */,
				6E67E81BCA7DE5C0E773DB5D /* R50SampleStore.swift in Sources */,
				2A1BCEA56988EF92C3E12C6F /* R50Theme.swift in Sources */,
				C3C2917FCEACF97697615F27 /* R50View.swift in Sources */,
			);
			runOnlyForDeploymentPostprocessing = 0;
		};
/* End PBXSourcesBuildPhase section */

/* Begin PBXTargetDependency section */
		09A8D85E280B8C5EAE36F59F /* PBXTargetDependency */ = {
			isa = PBXTargetDependency;
			target = 1A230F97156A0F4A03F10A3D /* Hybrid8Extension */;
			targetProxy = C68EEEE2EA082B75285A3604 /* PBXContainerItemProxy */;
		};
		3ADC8481B254183F16D96EF5 /* PBXTargetDependency */ = {
			isa = PBXTargetDependency;
			target = 1C148D595E5C124AABD7D502 /* R50Extension */;
			targetProxy = 41562B281D56D080CB643673 /* PBXContainerItemProxy */;
		};
/* End PBXTargetDependency section */

/* Begin XCBuildConfiguration section */
		0C2332BEFEC95122F9388A12 /* Release */ = {
			isa = XCBuildConfiguration;
			buildSettings = {
				CODE_SIGN_ENTITLEMENTS = Extension/Extension.entitlements;
				COMBINE_HIDPI_IMAGES = YES;
				GENERATE_INFOPLIST_FILE = NO;
				HEADER_SEARCH_PATHS = (
					"$(SRCROOT)/Extension",
					"$(SRCROOT)/Shared/DSPCore",
				);
				INFOPLIST_FILE = Extension/Info.plist;
				LD_RUNPATH_SEARCH_PATHS = (
					"$(inherited)",
					"@executable_path/../Frameworks",
					"@executable_path/../../../../Frameworks",
				);
				PRODUCT_BUNDLE_IDENTIFIER = com.johangorsjo.Hybrid8.AUv3;
				PRODUCT_NAME = Hybrid8Extension;
				SDKROOT = macosx;
				SKIP_INSTALL = YES;
				SWIFT_OBJC_BRIDGING_HEADER = "Extension/Extension-Bridging-Header.h";
			};
			name = Release;
		};
		212DC61C9C3BD8FF1372B1C3 /* Debug */ = {
			isa = XCBuildConfiguration;
			buildSettings = {
				CODE_SIGN_ENTITLEMENTS = Extension/Extension.entitlements;
				COMBINE_HIDPI_IMAGES = YES;
				GENERATE_INFOPLIST_FILE = NO;
				HEADER_SEARCH_PATHS = (
					"$(SRCROOT)/Extension",
					"$(SRCROOT)/Shared/DSPCore",
				);
				INFOPLIST_FILE = Extension/Info.plist;
				LD_RUNPATH_SEARCH_PATHS = (
					"$(inherited)",
					"@executable_path/../Frameworks",
					"@executable_path/../../../../Frameworks",
				);
				PRODUCT_BUNDLE_IDENTIFIER = com.johangorsjo.Hybrid8.AUv3;
				PRODUCT_NAME = Hybrid8Extension;
				SDKROOT = macosx;
				SKIP_INSTALL = YES;
				SWIFT_OBJC_BRIDGING_HEADER = "Extension/Extension-Bridging-Header.h";
			};
			name = Debug;
		};
		384CFD65868833E5D2E09269 /* Release */ = {
			isa = XCBuildConfiguration;
			buildSettings = {
				ALWAYS_SEARCH_USER_PATHS = NO;
				CLANG_ANALYZER_NONNULL = YES;
				CLANG_ANALYZER_NUMBER_OBJECT_CONVERSION = YES_AGGRESSIVE;
				CLANG_CXX_LANGUAGE_STANDARD = "gnu++17";
				CLANG_CXX_LIBRARY = "libc++";
				CLANG_ENABLE_MODULES = YES;
				CLANG_ENABLE_OBJC_ARC = YES;
				CLANG_ENABLE_OBJC_WEAK = YES;
				CLANG_WARN_BLOCK_CAPTURE_AUTORELEASING = YES;
				CLANG_WARN_BOOL_CONVERSION = YES;
				CLANG_WARN_COMMA = YES;
				CLANG_WARN_CONSTANT_CONVERSION = YES;
				CLANG_WARN_DEPRECATED_OBJC_IMPLEMENTATIONS = YES;
				CLANG_WARN_DIRECT_OBJC_ISA_USAGE = YES_ERROR;
				CLANG_WARN_DOCUMENTATION_COMMENTS = YES;
				CLANG_WARN_EMPTY_BODY = YES;
				CLANG_WARN_ENUM_CONVERSION = YES;
				CLANG_WARN_INFINITE_RECURSION = YES;
				CLANG_WARN_INT_CONVERSION = YES;
				CLANG_WARN_NON_LITERAL_NULL_CONVERSION = YES;
				CLANG_WARN_OBJC_IMPLICIT_RETAIN_SELF = YES;
				CLANG_WARN_OBJC_LITERAL_CONVERSION = YES;
				CLANG_WARN_OBJC_ROOT_CLASS = YES_ERROR;
				CLANG_WARN_QUOTED_INCLUDE_IN_FRAMEWORK_HEADER = YES;
				CLANG_WARN_RANGE_LOOP_ANALYSIS = YES;
				CLANG_WARN_STRICT_PROTOTYPES = YES;
				CLANG_WARN_SUSPICIOUS_MOVE = YES;
				CLANG_WARN_UNGUARDED_AVAILABILITY = YES_AGGRESSIVE;
				CLANG_WARN_UNREACHABLE_CODE = YES;
				CLANG_WARN__DUPLICATE_METHOD_MATCH = YES;
				CODE_SIGNING_ALLOWED = YES;
				CODE_SIGNING_REQUIRED = YES;
				CODE_SIGN_IDENTITY = "-";
				CODE_SIGN_STYLE = Manual;
				COPY_PHASE_STRIP = NO;
				DEBUG_INFORMATION_FORMAT = "dwarf-with-dsym";
				DEVELOPMENT_TEAM = "";
				ENABLE_HARDENED_RUNTIME = YES;
				ENABLE_NS_ASSERTIONS = NO;
				ENABLE_STRICT_OBJC_MSGSEND = YES;
				ENABLE_USER_SCRIPT_SANDBOXING = NO;
				GCC_C_LANGUAGE_STANDARD = gnu11;
				GCC_NO_COMMON_BLOCKS = YES;
				GCC_WARN_64_TO_32_BIT_CONVERSION = YES;
				GCC_WARN_ABOUT_RETURN_TYPE = YES_ERROR;
				GCC_WARN_UNDECLARED_SELECTOR = YES;
				GCC_WARN_UNINITIALIZED_AUTOS = YES_AGGRESSIVE;
				GCC_WARN_UNUSED_FUNCTION = YES;
				GCC_WARN_UNUSED_VARIABLE = YES;
				MACOSX_DEPLOYMENT_TARGET = 13.0;
				MTL_ENABLE_DEBUG_INFO = NO;
				MTL_FAST_MATH = YES;
				PRODUCT_NAME = "$(TARGET_NAME)";
				SDKROOT = macosx;
				SWIFT_COMPILATION_MODE = wholemodule;
				SWIFT_OPTIMIZATION_LEVEL = "-O";
				SWIFT_VERSION = 5.0;
			};
			name = Release;
		};
		3ADDB23BF4FDB42C3F0D2189 /* Release */ = {
			isa = XCBuildConfiguration;
			buildSettings = {
				ASSETCATALOG_COMPILER_APPICON_NAME = AppIcon;
				CODE_SIGN_ENTITLEMENTS = Products/R50/App/App.entitlements;
				COMBINE_HIDPI_IMAGES = YES;
				GENERATE_INFOPLIST_FILE = NO;
				INFOPLIST_FILE = Products/R50/App/Info.plist;
				LD_RUNPATH_SEARCH_PATHS = (
					"$(inherited)",
					"@executable_path/../Frameworks",
				);
				PRODUCT_BUNDLE_IDENTIFIER = com.johangorsjo.R50;
				PRODUCT_NAME = R50;
				SDKROOT = macosx;
			};
			name = Release;
		};
		424D2FA81425791F0BB21101 /* Release */ = {
			isa = XCBuildConfiguration;
			buildSettings = {
				CODE_SIGN_ENTITLEMENTS = Products/R50/Extension/Extension.entitlements;
				COMBINE_HIDPI_IMAGES = YES;
				GENERATE_INFOPLIST_FILE = NO;
				HEADER_SEARCH_PATHS = (
					"$(SRCROOT)/Products/R50/Extension",
					"$(SRCROOT)/Products/R50/DSP",
					"$(SRCROOT)/Shared/DSPCore",
				);
				INFOPLIST_FILE = Products/R50/Extension/Info.plist;
				LD_RUNPATH_SEARCH_PATHS = (
					"$(inherited)",
					"@executable_path/../Frameworks",
					"@executable_path/../../../../Frameworks",
				);
				PRODUCT_BUNDLE_IDENTIFIER = com.johangorsjo.R50.AUv3;
				PRODUCT_NAME = R50Extension;
				SDKROOT = macosx;
				SKIP_INSTALL = YES;
				SWIFT_OBJC_BRIDGING_HEADER = "Products/R50/Extension/R50-Bridging-Header.h";
			};
			name = Release;
		};
		691E217D2DB1B32D49917380 /* Release */ = {
			isa = XCBuildConfiguration;
			buildSettings = {
				ASSETCATALOG_COMPILER_APPICON_NAME = AppIcon;
				CODE_SIGN_ENTITLEMENTS = App/App.entitlements;
				COMBINE_HIDPI_IMAGES = YES;
				GENERATE_INFOPLIST_FILE = NO;
				INFOPLIST_FILE = App/Info.plist;
				LD_RUNPATH_SEARCH_PATHS = (
					"$(inherited)",
					"@executable_path/../Frameworks",
				);
				PRODUCT_BUNDLE_IDENTIFIER = com.johangorsjo.Hybrid8;
				PRODUCT_NAME = Hybrid8;
				SDKROOT = macosx;
			};
			name = Release;
		};
		BE33C10F5AB8A11943F2EE8F /* Debug */ = {
			isa = XCBuildConfiguration;
			buildSettings = {
				ASSETCATALOG_COMPILER_APPICON_NAME = AppIcon;
				CODE_SIGN_ENTITLEMENTS = Products/R50/App/App.entitlements;
				COMBINE_HIDPI_IMAGES = YES;
				GENERATE_INFOPLIST_FILE = NO;
				INFOPLIST_FILE = Products/R50/App/Info.plist;
				LD_RUNPATH_SEARCH_PATHS = (
					"$(inherited)",
					"@executable_path/../Frameworks",
				);
				PRODUCT_BUNDLE_IDENTIFIER = com.johangorsjo.R50;
				PRODUCT_NAME = R50;
				SDKROOT = macosx;
			};
			name = Debug;
		};
		C512F257C3500576745C0B28 /* Debug */ = {
			isa = XCBuildConfiguration;
			buildSettings = {
				ALWAYS_SEARCH_USER_PATHS = NO;
				CLANG_ANALYZER_NONNULL = YES;
				CLANG_ANALYZER_NUMBER_OBJECT_CONVERSION = YES_AGGRESSIVE;
				CLANG_CXX_LANGUAGE_STANDARD = "gnu++17";
				CLANG_CXX_LIBRARY = "libc++";
				CLANG_ENABLE_MODULES = YES;
				CLANG_ENABLE_OBJC_ARC = YES;
				CLANG_ENABLE_OBJC_WEAK = YES;
				CLANG_WARN_BLOCK_CAPTURE_AUTORELEASING = YES;
				CLANG_WARN_BOOL_CONVERSION = YES;
				CLANG_WARN_COMMA = YES;
				CLANG_WARN_CONSTANT_CONVERSION = YES;
				CLANG_WARN_DEPRECATED_OBJC_IMPLEMENTATIONS = YES;
				CLANG_WARN_DIRECT_OBJC_ISA_USAGE = YES_ERROR;
				CLANG_WARN_DOCUMENTATION_COMMENTS = YES;
				CLANG_WARN_EMPTY_BODY = YES;
				CLANG_WARN_ENUM_CONVERSION = YES;
				CLANG_WARN_INFINITE_RECURSION = YES;
				CLANG_WARN_INT_CONVERSION = YES;
				CLANG_WARN_NON_LITERAL_NULL_CONVERSION = YES;
				CLANG_WARN_OBJC_IMPLICIT_RETAIN_SELF = YES;
				CLANG_WARN_OBJC_LITERAL_CONVERSION = YES;
				CLANG_WARN_OBJC_ROOT_CLASS = YES_ERROR;
				CLANG_WARN_QUOTED_INCLUDE_IN_FRAMEWORK_HEADER = YES;
				CLANG_WARN_RANGE_LOOP_ANALYSIS = YES;
				CLANG_WARN_STRICT_PROTOTYPES = YES;
				CLANG_WARN_SUSPICIOUS_MOVE = YES;
				CLANG_WARN_UNGUARDED_AVAILABILITY = YES_AGGRESSIVE;
				CLANG_WARN_UNREACHABLE_CODE = YES;
				CLANG_WARN__DUPLICATE_METHOD_MATCH = YES;
				CODE_SIGNING_ALLOWED = YES;
				CODE_SIGNING_REQUIRED = YES;
				CODE_SIGN_IDENTITY = "-";
				CODE_SIGN_STYLE = Manual;
				COPY_PHASE_STRIP = NO;
				DEBUG_INFORMATION_FORMAT = dwarf;
				DEVELOPMENT_TEAM = "";
				ENABLE_HARDENED_RUNTIME = YES;
				ENABLE_STRICT_OBJC_MSGSEND = YES;
				ENABLE_TESTABILITY = YES;
				ENABLE_USER_SCRIPT_SANDBOXING = NO;
				GCC_C_LANGUAGE_STANDARD = gnu11;
				GCC_DYNAMIC_NO_PIC = NO;
				GCC_NO_COMMON_BLOCKS = YES;
				GCC_OPTIMIZATION_LEVEL = 0;
				GCC_PREPROCESSOR_DEFINITIONS = (
					"$(inherited)",
					"DEBUG=1",
				);
				GCC_WARN_64_TO_32_BIT_CONVERSION = YES;
				GCC_WARN_ABOUT_RETURN_TYPE = YES_ERROR;
				GCC_WARN_UNDECLARED_SELECTOR = YES;
				GCC_WARN_UNINITIALIZED_AUTOS = YES_AGGRESSIVE;
				GCC_WARN_UNUSED_FUNCTION = YES;
				GCC_WARN_UNUSED_VARIABLE = YES;
				MACOSX_DEPLOYMENT_TARGET = 13.0;
				MTL_ENABLE_DEBUG_INFO = INCLUDE_SOURCE;
				MTL_FAST_MATH = YES;
				ONLY_ACTIVE_ARCH = YES;
				PRODUCT_NAME = "$(TARGET_NAME)";
				SDKROOT = macosx;
				SWIFT_ACTIVE_COMPILATION_CONDITIONS = DEBUG;
				SWIFT_OPTIMIZATION_LEVEL = "-Onone";
				SWIFT_VERSION = 5.0;
			};
			name = Debug;
		};
		CB50BD5B5BCE42FDCD609ADB /* Debug */ = {
			isa = XCBuildConfiguration;
			buildSettings = {
				ASSETCATALOG_COMPILER_APPICON_NAME = AppIcon;
				CODE_SIGN_ENTITLEMENTS = App/App.entitlements;
				COMBINE_HIDPI_IMAGES = YES;
				GENERATE_INFOPLIST_FILE = NO;
				INFOPLIST_FILE = App/Info.plist;
				LD_RUNPATH_SEARCH_PATHS = (
					"$(inherited)",
					"@executable_path/../Frameworks",
				);
				PRODUCT_BUNDLE_IDENTIFIER = com.johangorsjo.Hybrid8;
				PRODUCT_NAME = Hybrid8;
				SDKROOT = macosx;
			};
			name = Debug;
		};
		D1282EC8E1A846B1D0859F1D /* Debug */ = {
			isa = XCBuildConfiguration;
			buildSettings = {
				CODE_SIGN_ENTITLEMENTS = Products/R50/Extension/Extension.entitlements;
				COMBINE_HIDPI_IMAGES = YES;
				GENERATE_INFOPLIST_FILE = NO;
				HEADER_SEARCH_PATHS = (
					"$(SRCROOT)/Products/R50/Extension",
					"$(SRCROOT)/Products/R50/DSP",
					"$(SRCROOT)/Shared/DSPCore",
				);
				INFOPLIST_FILE = Products/R50/Extension/Info.plist;
				LD_RUNPATH_SEARCH_PATHS = (
					"$(inherited)",
					"@executable_path/../Frameworks",
					"@executable_path/../../../../Frameworks",
				);
				PRODUCT_BUNDLE_IDENTIFIER = com.johangorsjo.R50.AUv3;
				PRODUCT_NAME = R50Extension;
				SDKROOT = macosx;
				SKIP_INSTALL = YES;
				SWIFT_OBJC_BRIDGING_HEADER = "Products/R50/Extension/R50-Bridging-Header.h";
			};
			name = Debug;
		};
/* End XCBuildConfiguration section */

/* Begin XCConfigurationList section */
		1326BFF1E24E7697F4D6DC75 /* Build configuration list for PBXProject "Hybrid8" */ = {
			isa = XCConfigurationList;
			buildConfigurations = (
				C512F257C3500576745C0B28 /* Debug */,
				384CFD65868833E5D2E09269 /* Release */,
			);
			defaultConfigurationIsVisible = 0;
			defaultConfigurationName = Debug;
		};
		2560BBC6F79EFC0CB89BF362 /* Build configuration list for PBXNativeTarget "Hybrid8Extension" */ = {
			isa = XCConfigurationList;
			buildConfigurations = (
				212DC61C9C3BD8FF1372B1C3 /* Debug */,
				0C2332BEFEC95122F9388A12 /* Release */,
			);
			defaultConfigurationIsVisible = 0;
			defaultConfigurationName = Debug;
		};
		3BEF185D198B281811315D9D /* Build configuration list for PBXNativeTarget "Hybrid8" */ = {
			isa = XCConfigurationList;
			buildConfigurations = (
				CB50BD5B5BCE42FDCD609ADB /* Debug */,
				691E217D2DB1B32D49917380 /* Release */,
			);
			defaultConfigurationIsVisible = 0;
			defaultConfigurationName = Debug;
		};
		D4200F396B9E2D0CCEA07994 /* Build configuration list for PBXNativeTarget "R50" */ = {
			isa = XCConfigurationList;
			buildConfigurations = (
				BE33C10F5AB8A11943F2EE8F /* Debug */,
				3ADDB23BF4FDB42C3F0D2189 /* Release */,
			);
			defaultConfigurationIsVisible = 0;
			defaultConfigurationName = Debug;
		};
		E8351D40B6532AA76024526C /* Build configuration list for PBXNativeTarget "R50Extension" */ = {
			isa = XCConfigurationList;
			buildConfigurations = (
				D1282EC8E1A846B1D0859F1D /* Debug */,
				424D2FA81425791F0BB21101 /* Release */,
			);
			defaultConfigurationIsVisible = 0;
			defaultConfigurationName = Debug;
		};
/* End XCConfigurationList section */
	};
	rootObject = D2442D1CDE5DF43838D1BC1C /* Project object */;
}
